Microsoft Visual Studio Solution File, Format Version 12.00
# Visual Studio Version 17
VisualStudioVersion = 17.0.31903.59
MinimumVisualStudioVersion = 10.0.40219.1
Project("{9A19103F-16F7-4668-BE54-9A1E7A4F7556}") = "Defect_s_Data_Expansion", "Defect_s_Data_Expansion.csproj", "{B4864E91-DD07-4EF1-89AD-4BF5C94C4E47}"
EndProject
Global
	GlobalSection(SolutionConfigurationPlatforms) = preSolution
		Debug|Any CPU = Debug|Any CPU
		ExportDebug|Any CPU = ExportDebug|Any CPU
		ExportRelease|Any CPU = ExportRelease|Any CPU
		Release|Any CPU = Release|Any CPU
	EndGlobalSection
	GlobalSection(ProjectConfigurationPlatforms) = postSolution
		{B4864E91-DD07-4EF1-89AD-4BF5C94C4E47}.Debug|Any CPU.ActiveCfg = Debug|Any CPU
		{B4864E91-DD07-4EF1-89AD-4BF5C94C4E47}.Debug|Any CPU.Build.0 = Debug|Any CPU
		{B4864E91-DD07-4EF1-89AD-4BF5C94C4E47}.ExportDebug|Any CPU.ActiveCfg = ExportDebug|Any CPU
		{B4864E91-DD07-4EF1-89AD-4BF5C94C4E47}.ExportDebug|Any CPU.Build.0 = ExportDebug|Any CPU
		{B4864E91-DD07-4EF1-89AD-4BF5C94C4E47}.ExportRelease|Any CPU.ActiveCfg = ExportRelease|Any CPU
		{B4864E91-DD07-4EF1-89AD-4BF5C94C4E47}.ExportRelease|Any CPU.Build.0 = ExportRelease|Any CPU
		{B4864E91-DD07-4EF1-89AD-4BF5C94C4E47}.Release|Any CPU.ActiveCfg = Release|Any CPU
		{B4864E91-DD07-4EF1-89AD-4BF5C94C4E47}.Release|Any CPU.Build.0 = Release|Any CPU
	EndGlobalSection
	GlobalSection(SolutionProperties) = preSolution
		HideSolutionNode = FALSE
	EndGlobalSection
EndGlobal
